{
  "formatVersion": 1,
  "packageName": "tasks_example",
  "graphName": "TasksExample",
  "schemaVersion": 3,
  "schemaFingerprint": "e0c585ebd830e81339a7aebb5643063cdb13703d2577e05e9b4d2dba5adbca6d",
  "localSchemaFingerprint": "bf4a06de5da2852ed8f144f649dcdd9d7550a91eb2e3f6b163e322eedadcee51",
  "targets": [
    "supabase"
  ],
  "defaultTarget": "supabase"
}
