{
  "formatVersion": 1,
  "packageName": "tasks_example",
  "graphName": "TasksExample",
  "schemaVersion": 3,
  "schemaFingerprint": "13cfdb9da324f3bbbd678a0bcdb455bac217453a6cb4b3081183e2895838997c",
  "localSchemaFingerprint": "bf4a06de5da2852ed8f144f649dcdd9d7550a91eb2e3f6b163e322eedadcee51",
  "targets": [
    "supabase"
  ],
  "defaultTarget": "supabase"
}
